
Microsoft Visual Studio Solution File, Format Version 12.00
# Visual Studio Version 17
VisualStudioVersion = 17.3.32922.545
MinimumVisualStudioVersion = 10.0.40219.1
Project("{FAE04EC0-301F-11D3-BF4B-00C04F79EFBC}") = "SimpleMarkDownViewer", "SimpleMarkDownViewer\SimpleMarkDownViewer.csproj", "{30A0BEE8-97BD-4A89-80ED-2D1371904E45}"
EndProject
Global
	GlobalSection(SolutionConfigurationPlatforms) = preSolution
		Debug|Any CPU = Debug|Any CPU
		Release|Any CPU = Release|Any CPU
	EndGlobalSection
	GlobalSection(ProjectConfigurationPlatforms) = postSolution
		{30A0BEE8-97BD-4A89-80ED-2D1371904E45}.Debug|Any CPU.ActiveCfg = Debug|Any CPU
		{30A0BEE8-97BD-4A89-80ED-2D1371904E45}.Debug|Any CPU.Build.0 = Debug|Any CPU
		{30A0BEE8-97BD-4A89-80ED-2D1371904E45}.Release|Any CPU.ActiveCfg = Release|Any CPU
		{30A0BEE8-97BD-4A89-80ED-2D1371904E45}.Release|Any CPU.Build.0 = Release|Any CPU
	EndGlobalSection
	GlobalSection(SolutionProperties) = preSolution
		HideSolutionNode = FALSE
	EndGlobalSection
	GlobalSection(ExtensibilityGlobals) = postSolution
		SolutionGuid = {B5CF00CD-94D8-45A6-9AC8-6D35235D2C37}
	EndGlobalSection
EndGlobal
